// !$*UTF8*$!
{
	archiveVersion = 1;
	classes = {
	};
	objectVersion = 48;
	objects = {

/* Begin PBXBuildFile section */
		F408360F20317C9A00368B96 /* TimeLineSection.swift in Sources */ = {isa = PBXBuildFile; fileRef = F408360E20317C9A00368B96 /* TimeLineSection.swift */; };
		F41D472A200F53460000E758 /* AppDelegate.swift in Sources */ = {isa = PBXBuildFile; fileRef = F41D4729200F53460000E758 /* AppDelegate.swift */; };
		F41D472C200F53460000E758 /* ViewController.swift in Sources */ = {isa = PBXBuildFile; fileRef = F41D472B200F53460000E758 /* ViewController.swift */; };
		F41D472F200F53460000E758 /* Main.storyboard in Resources */ = {isa = PBXBuildFile; fileRef = F41D472D200F53460000E758 /* Main.storyboard */; };
		F41D4731200F53460000E758 /* Assets.xcassets in Resources */ = {isa = PBXBuildFile; fileRef = F41D4730200F53460000E758 /* Assets.xcassets */; };
		F41D4734200F53460000E758 /* LaunchScreen.storyboard in Resources */ = {isa = PBXBuildFile; fileRef = F41D4732200F53460000E758 /* LaunchScreen.storyboard */; };
		F423BA3F202C19AE000C4A8F /* ListTableViewCell.swift in Sources */ = {isa = PBXBuildFile; fileRef = F423BA3E202C19AE000C4A8F /* ListTableViewCell.swift */; };
		F423BA41202C29A2000C4A8F /* ListTableViewController.swift in Sources */ = {isa = PBXBuildFile; fileRef = F423BA40202C29A2000C4A8F /* ListTableViewController.swift */; };
		F423BA43202C2CBE000C4A8F /* TimeLineTableViewCell.swift in Sources */ = {isa = PBXBuildFile; fileRef = F423BA42202C2CBE000C4A8F /* TimeLineTableViewCell.swift */; };
		F423BA45202C2D32000C4A8F /* TimeLineTableViewController.swift in Sources */ = {isa = PBXBuildFile; fileRef = F423BA44202C2D32000C4A8F /* TimeLineTableViewController.swift */; };
		F42705B02020E28E00E4179C /* Pill.swift in Sources */ = {isa = PBXBuildFile; fileRef = F42705AF2020E28E00E4179C /* Pill.swift */; };
		F43C9D2B202D6D3500B6DBC5 /* SettingTimeTableViewCell.swift in Sources */ = {isa = PBXBuildFile; fileRef = F43C9D2A202D6D3500B6DBC5 /* SettingTimeTableViewCell.swift */; };
		F43C9D2D202D6DBE00B6DBC5 /* SettingAlarmTableViewCell.swift in Sources */ = {isa = PBXBuildFile; fileRef = F43C9D2C202D6DBE00B6DBC5 /* SettingAlarmTableViewCell.swift */; };
		F441D559202F51D300102ABF /* HomeTableViewController.swift in Sources */ = {isa = PBXBuildFile; fileRef = F441D558202F51D300102ABF /* HomeTableViewController.swift */; };
		F441D55E202FF96600102ABF /* HomeTableViewCell.swift in Sources */ = {isa = PBXBuildFile; fileRef = F441D55D202FF96600102ABF /* HomeTableViewCell.swift */; };
		F441D56120300ED900102ABF /* ExpandableSection.swift in Sources */ = {isa = PBXBuildFile; fileRef = F441D56020300ED900102ABF /* ExpandableSection.swift */; };
		F441D58220305CBB00102ABF /* HeaderView.swift in Sources */ = {isa = PBXBuildFile; fileRef = F441D58020305CBB00102ABF /* HeaderView.swift */; };
		F441D58320305CBB00102ABF /* HeaderView.xib in Resources */ = {isa = PBXBuildFile; fileRef = F441D58120305CBB00102ABF /* HeaderView.xib */; };
		F4EF6906203E9581001D27FD /* DataCenter.swift in Sources */ = {isa = PBXBuildFile; fileRef = F4EF6905203E9581001D27FD /* DataCenter.swift */; };
		F4EF690A203FC074001D27FD /* TimeLinePill.swift in Sources */ = {isa = PBXBuildFile; fileRef = F4EF6909203FC074001D27FD /* TimeLinePill.swift */; };
		F4F69CEA202C432F00D8C77C /* AddTableViewController.swift in Sources */ = {isa = PBXBuildFile; fileRef = F4F69CE9202C432F00D8C77C /* AddTableViewController.swift */; };
		F4F69CF0202C54DC00D8C77C /* SettingTableViewController.swift in Sources */ = {isa = PBXBuildFile; fileRef = F4F69CEF202C54DC00D8C77C /* SettingTableViewController.swift */; };
/* End PBXBuildFile section */

/* Begin PBXFileReference section */
		F408360E20317C9A00368B96 /* TimeLineSection.swift */ = {isa = PBXFileReference; lastKnownFileType = sourcecode.swift; path = TimeLineSection.swift; sourceTree = "<group>"; };
		F41D4726200F53460000E758 /* PillingTime.app */ = {isa = PBXFileReference; explicitFileType = wrapper.application; includeInIndex = 0; path = PillingTime.app; sourceTree = BUILT_PRODUCTS_DIR; };
		F41D4729200F53460000E758 /* AppDelegate.swift */ = {isa = PBXFileReference; lastKnownFileType = sourcecode.swift; path = AppDelegate.swift; sourceTree = "<group>"; };
		F41D472B200F53460000E758 /* ViewController.swift */ = {isa = PBXFileReference; lastKnownFileType = sourcecode.swift; path = ViewController.swift; sourceTree = "<group>"; };
		F41D472E200F53460000E758 /* Base */ = {isa = PBXFileReference; lastKnownFileType = file.storyboard; name = Base; path = Base.lproj/Main.storyboard; sourceTree = "<group>"; };
		F41D4730200F53460000E758 /* Assets.xcassets */ = {isa = PBXFileReference; lastKnownFileType = folder.assetcatalog; path = Assets.xcassets; sourceTree = "<group>"; };
		F41D4733200F53460000E758 /* Base */ = {isa = PBXFileReference; lastKnownFileType = file.storyboard; name = Base; path = Base.lproj/LaunchScreen.storyboard; sourceTree = "<group>"; };
		F41D4735200F53460000E758 /* Info.plist */ = {isa = PBXFileReference; lastKnownFileType = text.plist.xml; path = Info.plist; sourceTree = "<group>"; };
		F423BA3E202C19AE000C4A8F /* ListTableViewCell.swift */ = {isa = PBXFileReference; lastKnownFileType = sourcecode.swift; path = ListTableViewCell.swift; sourceTree = "<group>"; };
		F423BA40202C29A2000C4A8F /* ListTableViewController.swift */ = {isa = PBXFileReference; lastKnownFileType = sourcecode.swift; path = ListTableViewController.swift; sourceTree = "<group>"; };
		F423BA42202C2CBE000C4A8F /* TimeLineTableViewCell.swift */ = {isa = PBXFileReference; lastKnownFileType = sourcecode.swift; path = TimeLineTableViewCell.swift; sourceTree = "<group>"; };
		F423BA44202C2D32000C4A8F /* TimeLineTableViewController.swift */ = {isa = PBXFileReference; lastKnownFileType = sourcecode.swift; path = TimeLineTableViewController.swift; sourceTree = "<group>"; };
		F42705AF2020E28E00E4179C /* Pill.swift */ = {isa = PBXFileReference; lastKnownFileType = sourcecode.swift; path = Pill.swift; sourceTree = "<group>"; };
		F43C9D2A202D6D3500B6DBC5 /* SettingTimeTableViewCell.swift */ = {isa = PBXFileReference; lastKnownFileType = sourcecode.swift; path = SettingTimeTableViewCell.swift; sourceTree = "<group>"; };
		F43C9D2C202D6DBE00B6DBC5 /* SettingAlarmTableViewCell.swift */ = {isa = PBXFileReference; lastKnownFileType = sourcecode.swift; path = SettingAlarmTableViewCell.swift; sourceTree = "<group>"; };
		F441D558202F51D300102ABF /* HomeTableViewController.swift */ = {isa = PBXFileReference; lastKnownFileType = sourcecode.swift; path = HomeTableViewController.swift; sourceTree = "<group>"; };
		F441D55D202FF96600102ABF /* HomeTableViewCell.swift */ = {isa = PBXFileReference; lastKnownFileType = sourcecode.swift; path = HomeTableViewCell.swift; sourceTree = "<group>"; };
		F441D56020300ED900102ABF /* ExpandableSection.swift */ = {isa = PBXFileReference; lastKnownFileType = sourcecode.swift; path = ExpandableSection.swift; sourceTree = "<group>"; };
		F441D58020305CBB00102ABF /* HeaderView.swift */ = {isa = PBXFileReference; lastKnownFileType = sourcecode.swift; path = HeaderView.swift; sourceTree = "<group>"; };
		F441D58120305CBB00102ABF /* HeaderView.xib */ = {isa = PBXFileReference; lastKnownFileType = file.xib; path = HeaderView.xib; sourceTree = "<group>"; };
		F4EF6905203E9581001D27FD /* DataCenter.swift */ = {isa = PBXFileReference; lastKnownFileType = sourcecode.swift; path = DataCenter.swift; sourceTree = "<group>"; };
		F4EF6909203FC074001D27FD /* TimeLinePill.swift */ = {isa = PBXFileReference; lastKnownFileType = sourcecode.swift; path = TimeLinePill.swift; sourceTree = "<group>"; };
		F4F69CE9202C432F00D8C77C /* AddTableViewController.swift */ = {isa = PBXFileReference; lastKnownFileType = sourcecode.swift; path = AddTableViewController.swift; sourceTree = "<group>"; };
		F4F69CEF202C54DC00D8C77C /* SettingTableViewController.swift */ = {isa = PBXFileReference; lastKnownFileType = sourcecode.swift; path = SettingTableViewController.swift; sourceTree = "<group>"; };
/* End PBXFileReference section */

/* Begin PBXFrameworksBuildPhase section */
		F41D4723200F53460000E758 /* Frameworks */ = {
			isa = PBXFrameworksBuildPhase;
			buildActionMask = 2147483647;
			files = (
			);
			runOnlyForDeploymentPostprocessing = 0;
		};
/* End PBXFrameworksBuildPhase section */

/* Begin PBXGroup section */
		F41D471D200F53460000E758 = {
			isa = PBXGroup;
			children = (
				F41D4728200F53460000E758 /* PillingTime */,
				F41D4727200F53460000E758 /* Products */,
			);
			sourceTree = "<group>";
		};
		F41D4727200F53460000E758 /* Products */ = {
			isa = PBXGroup;
			children = (
				F41D4726200F53460000E758 /* PillingTime.app */,
			);
			name = Products;
			sourceTree = "<group>";
		};
		F41D4728200F53460000E758 /* PillingTime */ = {
			isa = PBXGroup;
			children = (
				F4A9DDE42031ED1D00FD4A3A /* Singleton */,
				F441D55C202FE10700102ABF /* AddTableView */,
				F441D557202F51B200102ABF /* HomeTableView */,
				F441D556202F4B2100102ABF /* SettingTableView */,
				F441D555202F4AD300102ABF /* TimeLineTableView */,
				F441D554202F4AC400102ABF /* ListTableView */,
				F41D4729200F53460000E758 /* AppDelegate.swift */,
				F41D472B200F53460000E758 /* ViewController.swift */,
				F41D472D200F53460000E758 /* Main.storyboard */,
				F41D4730200F53460000E758 /* Assets.xcassets */,
				F41D4732200F53460000E758 /* LaunchScreen.storyboard */,
				F41D4735200F53460000E758 /* Info.plist */,
				F42705AF2020E28E00E4179C /* Pill.swift */,
			);
			path = PillingTime;
			sourceTree = "<group>";
		};
		F441D554202F4AC400102ABF /* ListTableView */ = {
			isa = PBXGroup;
			children = (
				F423BA3E202C19AE000C4A8F /* ListTableViewCell.swift */,
				F423BA40202C29A2000C4A8F /* ListTableViewController.swift */,
			);
			path = ListTableView;
			sourceTree = "<group>";
		};
		F441D555202F4AD300102ABF /* TimeLineTableView */ = {
			isa = PBXGroup;
			children = (
				F423BA42202C2CBE000C4A8F /* TimeLineTableViewCell.swift */,
				F423BA44202C2D32000C4A8F /* TimeLineTableViewController.swift */,
				F408360E20317C9A00368B96 /* TimeLineSection.swift */,
				F4EF6909203FC074001D27FD /* TimeLinePill.swift */,
			);
			path = TimeLineTableView;
			sourceTree = "<group>";
		};
		F441D556202F4B2100102ABF /* SettingTableView */ = {
			isa = PBXGroup;
			children = (
				F4F69CEF202C54DC00D8C77C /* SettingTableViewController.swift */,
				F43C9D2A202D6D3500B6DBC5 /* SettingTimeTableViewCell.swift */,
				F43C9D2C202D6DBE00B6DBC5 /* SettingAlarmTableViewCell.swift */,
			);
			path = SettingTableView;
			sourceTree = "<group>";
		};
		F441D557202F51B200102ABF /* HomeTableView */ = {
			isa = PBXGroup;
			children = (
				F441D558202F51D300102ABF /* HomeTableViewController.swift */,
				F441D55D202FF96600102ABF /* HomeTableViewCell.swift */,
				F441D56020300ED900102ABF /* ExpandableSection.swift */,
				F441D58020305CBB00102ABF /* HeaderView.swift */,
				F441D58120305CBB00102ABF /* HeaderView.xib */,
			);
			path = HomeTableView;
			sourceTree = "<group>";
		};
		F441D55C202FE10700102ABF /* AddTableView */ = {
			isa = PBXGroup;
			children = (
				F4F69CE9202C432F00D8C77C /* AddTableViewController.swift */,
			);
			path = AddTableView;
			sourceTree = "<group>";
		};
		F4A9DDE42031ED1D00FD4A3A /* Singleton */ = {
			isa = PBXGroup;
			children = (
				F4EF6905203E9581001D27FD /* DataCenter.swift */,
			);
			path = Singleton;
			sourceTree = "<group>";
		};
/* End PBXGroup section */

/* Begin PBXNativeTarget section */
		F41D4725200F53460000E758 /* PillingTime */ = {
			isa = PBXNativeTarget;
			buildConfigurationList = F41D4738200F53460000E758 /* Build configuration list for PBXNativeTarget "PillingTime" */;
			buildPhases = (
				F41D4722200F53460000E758 /* Sources */,
				F41D4723200F53460000E758 /* Frameworks */,
				F41D4724200F53460000E758 /* Resources */,
			);
			buildRules = (
			);
			dependencies = (
			);
			name = PillingTime;
			productName = PillingTime;
			productReference = F41D4726200F53460000E758 /* PillingTime.app */;
			productType = "com.apple.product-type.application";
		};
/* End PBXNativeTarget section */

/* Begin PBXProject section */
		F41D471E200F53460000E758 /* Project object */ = {
			isa = PBXProject;
			attributes = {
				LastSwiftUpdateCheck = 0920;
				LastUpgradeCheck = 0920;
				ORGANIZATIONNAME = Enirobot;
				TargetAttributes = {
					F41D4725200F53460000E758 = {
						CreatedOnToolsVersion = 9.2;
						ProvisioningStyle = Automatic;
					};
				};
			};
			buildConfigurationList = F41D4721200F53460000E758 /* Build configuration list for PBXProject "PillingTime" */;
			compatibilityVersion = "Xcode 8.0";
			developmentRegion = en;
			hasScannedForEncodings = 0;
			knownRegions = (
				en,
				Base,
			);
			mainGroup = F41D471D200F53460000E758;
			productRefGroup = F41D4727200F53460000E758 /* Products */;
			projectDirPath = "";
			projectRoot = "";
			targets = (
				F41D4725200F53460000E758 /* PillingTime */,
			);
		};
/* End PBXProject section */

/* Begin PBXResourcesBuildPhase section */
		F41D4724200F53460000E758 /* Resources */ = {
			isa = PBXResourcesBuildPhase;
			buildActionMask = 2147483647;
			files = (
				F41D4734200F53460000E758 /* LaunchScreen.storyboard in Resources */,
				F41D4731200F53460000E758 /* Assets.xcassets in Resources */,
				F41D472F200F53460000E758 /* Main.storyboard in Resources */,
				F441D58320305CBB00102ABF /* HeaderView.xib in Resources */,
			);
			runOnlyForDeploymentPostprocessing = 0;
		};
/* End PBXResourcesBuildPhase section */

/* Begin PBXSourcesBuildPhase section */
		F41D4722200F53460000E758 /* Sources */ = {
			isa = PBXSourcesBuildPhase;
			buildActionMask = 2147483647;
			files = (
				F4EF6906203E9581001D27FD /* DataCenter.swift in Sources */,
				F441D559202F51D300102ABF /* HomeTableViewController.swift in Sources */,
				F43C9D2B202D6D3500B6DBC5 /* SettingTimeTableViewCell.swift in Sources */,
				F441D55E202FF96600102ABF /* HomeTableViewCell.swift in Sources */,
				F42705B02020E28E00E4179C /* Pill.swift in Sources */,
				F41D472C200F53460000E758 /* ViewController.swift in Sources */,
				F43C9D2D202D6DBE00B6DBC5 /* SettingAlarmTableViewCell.swift in Sources */,
				F423BA41202C29A2000C4A8F /* ListTableViewController.swift in Sources */,
				F441D56120300ED900102ABF /* ExpandableSection.swift in Sources */,
				F4F69CF0202C54DC00D8C77C /* SettingTableViewController.swift in Sources */,
				F41D472A200F53460000E758 /* AppDelegate.swift in Sources */,
				F4EF690A203FC074001D27FD /* TimeLinePill.swift in Sources */,
				F441D58220305CBB00102ABF /* HeaderView.swift in Sources */,
				F4F69CEA202C432F00D8C77C /* AddTableViewController.swift in Sources */,
				F408360F20317C9A00368B96 /* TimeLineSection.swift in Sources */,
				F423BA43202C2CBE000C4A8F /* TimeLineTableViewCell.swift in Sources */,
				F423BA45202C2D32000C4A8F /* TimeLineTableViewController.swift in Sources */,
				F423BA3F202C19AE000C4A8F /* ListTableViewCell.swift in Sources */,
			);
			runOnlyForDeploymentPostprocessing = 0;
		};
/* End PBXSourcesBuildPhase section */

/* Begin PBXVariantGroup section */
		F41D472D200F53460000E758 /* Main.storyboard */ = {
			isa = PBXVariantGroup;
			children = (
				F41D472E200F53460000E758 /* Base */,
			);
			name = Main.storyboard;
			sourceTree = "<group>";
		};
		F41D4732200F53460000E758 /* LaunchScreen.storyboard */ = {
			isa = PBXVariantGroup;
			children = (
				F41D4733200F53460000E758 /* Base */,
			);
			name = LaunchScreen.storyboard;
			sourceTree = "<group>";
		};
/* End PBXVariantGroup section */

/* Begin XCBuildConfiguration section */
		F41D4736200F53460000E758 /* Debug */ = {
			isa = XCBuildConfiguration;
			buildSettings = {
				ALWAYS_SEARCH_USER_PATHS = NO;
				CLANG_ANALYZER_NONNULL = YES;
				CLANG_ANALYZER_NUMBER_OBJECT_CONVERSION = YES_AGGRESSIVE;
				CLANG_CXX_LANGUAGE_STANDARD = "gnu++14";
				CLANG_CXX_LIBRARY = "libc++";
				CLANG_ENABLE_MODULES = YES;
				CLANG_ENABLE_OBJC_ARC = YES;
				CLANG_WARN_BLOCK_CAPTURE_AUTORELEASING = YES;
				CLANG_WARN_BOOL_CONVERSION = YES;
				CLANG_WARN_COMMA = YES;
				CLANG_WARN_CONSTANT_CONVERSION = YES;
				CLANG_WARN_DIRECT_OBJC_ISA_USAGE = YES_ERROR;
				CLANG_WARN_DOCUMENTATION_COMMENTS = YES;
				CLANG_WARN_EMPTY_BODY = YES;
				CLANG_WARN_ENUM_CONVERSION = YES;
				CLANG_WARN_INFINITE_RECURSION = YES;
				CLANG_WARN_INT_CONVERSION = YES;
				CLANG_WARN_NON_LITERAL_NULL_CONVERSION = YES;
				CLANG_WARN_OBJC_LITERAL_CONVERSION = YES;
				CLANG_WARN_OBJC_ROOT_CLASS = YES_ERROR;
				CLANG_WARN_RANGE_LOOP_ANALYSIS = YES;
				CLANG_WARN_STRICT_PROTOTYPES = YES;
				CLANG_WARN_SUSPICIOUS_MOVE = YES;
				CLANG_WARN_UNGUARDED_AVAILABILITY = YES_AGGRESSIVE;
				CLANG_WARN_UNREACHABLE_CODE = YES;
				CLANG_WARN__DUPLICATE_METHOD_MATCH = YES;
				CODE_SIGN_IDENTITY = "iPhone Developer";
				COPY_PHASE_STRIP = NO;
				DEBUG_INFORMATION_FORMAT = dwarf;
				ENABLE_STRICT_OBJC_MSGSEND = YES;
				ENABLE_TESTABILITY = YES;
				GCC_C_LANGUAGE_STANDARD = gnu11;
				GCC_DYNAMIC_NO_PIC = NO;
				GCC_NO_COMMON_BLOCKS = YES;
				GCC_OPTIMIZATION_LEVEL = 0;
				GCC_PREPROCESSOR_DEFINITIONS = (
					"DEBUG=1",
					"$(inherited)",
				);
				GCC_WARN_64_TO_32_BIT_CONVERSION = YES;
				GCC_WARN_ABOUT_RETURN_TYPE = YES_ERROR;
				GCC_WARN_UNDECLARED_SELECTOR = YES;
				GCC_WARN_UNINITIALIZED_AUTOS = YES_AGGRESSIVE;
				GCC_WARN_UNUSED_FUNCTION = YES;
				GCC_WARN_UNUSED_VARIABLE = YES;
				IPHONEOS_DEPLOYMENT_TARGET = 11.2;
				MTL_ENABLE_DEBUG_INFO = YES;
				ONLY_ACTIVE_ARCH = YES;
				SDKROOT = iphoneos;
				SWIFT_ACTIVE_COMPILATION_CONDITIONS = DEBUG;
				SWIFT_OPTIMIZATION_LEVEL = "-Onone";
			};
			name = Debug;
		};
		F41D4737200F53460000E758 /* Release */ = {
			isa = XCBuildConfiguration;
			buildSettings = {
				ALWAYS_SEARCH_USER_PATHS = NO;
				CLANG_ANALYZER_NONNULL = YES;
				CLANG_ANALYZER_NUMBER_OBJECT_CONVERSION = YES_AGGRESSIVE;
				CLANG_CXX_LANGUAGE_STANDARD = "gnu++14";
				CLANG_CXX_LIBRARY = "libc++";
				CLANG_ENABLE_MODULES = YES;
				CLANG_ENABLE_OBJC_ARC = YES;
				CLANG_WARN_BLOCK_CAPTURE_AUTORELEASING = YES;
				CLANG_WARN_BOOL_CONVERSION = YES;
				CLANG_WARN_COMMA = YES;
				CLANG_WARN_CONSTANT_CONVERSION = YES;
				CLANG_WARN_DIRECT_OBJC_ISA_USAGE = YES_ERROR;
				CLANG_WARN_DOCUMENTATION_COMMENTS = YES;
				CLANG_WARN_EMPTY_BODY = YES;
				CLANG_WARN_ENUM_CONVERSION = YES;
				CLANG_WARN_INFINITE_RECURSION = YES;
				CLANG_WARN_INT_CONVERSION = YES;
				CLANG_WARN_NON_LITERAL_NULL_CONVERSION = YES;
				CLANG_WARN_OBJC_LITERAL_CONVERSION = YES;
				CLANG_WARN_OBJC_ROOT_CLASS = YES_ERROR;
				CLANG_WARN_RANGE_LOOP_ANALYSIS = YES;
				CLANG_WARN_STRICT_PROTOTYPES = YES;
				CLANG_WARN_SUSPICIOUS_MOVE = YES;
				CLANG_WARN_UNGUARDED_AVAILABILITY = YES_AGGRESSIVE;
				CLANG_WARN_UNREACHABLE_CODE = YES;
				CLANG_WARN__DUPLICATE_METHOD_MATCH = YES;
				CODE_SIGN_IDENTITY = "iPhone Developer";
				COPY_PHASE_STRIP = NO;
				DEBUG_INFORMATION_FORMAT = "dwarf-with-dsym";
				ENABLE_NS_ASSERTIONS = NO;
				ENABLE_STRICT_OBJC_MSGSEND = YES;
				GCC_C_LANGUAGE_STANDARD = gnu11;
				GCC_NO_COMMON_BLOCKS = YES;
				GCC_WARN_64_TO_32_BIT_CONVERSION = YES;
				GCC_WARN_ABOUT_RETURN_TYPE = YES_ERROR;
				GCC_WARN_UNDECLARED_SELECTOR = YES;
				GCC_WARN_UNINITIALIZED_AUTOS = YES_AGGRESSIVE;
				GCC_WARN_UNUSED_FUNCTION = YES;
				GCC_WARN_UNUSED_VARIABLE = YES;
				IPHONEOS_DEPLOYMENT_TARGET = 11.2;
				MTL_ENABLE_DEBUG_INFO = NO;
				SDKROOT = iphoneos;
				SWIFT_OPTIMIZATION_LEVEL = "-Owholemodule";
				VALIDATE_PRODUCT = YES;
			};
			name = Release;
		};
		F41D4739200F53460000E758 /* Debug */ = {
			isa = XCBuildConfiguration;
			buildSettings = {
				ASSETCATALOG_COMPILER_APPICON_NAME = AppIcon;
				ASSETCATALOG_COMPILER_LAUNCHIMAGE_NAME = LaunchImage;
				CODE_SIGN_STYLE = Automatic;
				DEVELOPMENT_TEAM = 4QG3GC35LA;
				INFOPLIST_FILE = PillingTime/Info.plist;
				IPHONEOS_DEPLOYMENT_TARGET = 9.0;
				LD_RUNPATH_SEARCH_PATHS = "$(inherited) @executable_path/Frameworks";
				PRODUCT_BUNDLE_IDENTIFIER = com.codershigh.PillingTime;
				PRODUCT_NAME = "$(TARGET_NAME)";
				SWIFT_VERSION = 4.0;
				TARGETED_DEVICE_FAMILY = 1;
			};
			name = Debug;
		};
		F41D473A200F53460000E758 /* Release */ = {
			isa = XCBuildConfiguration;
			buildSettings = {
				ASSETCATALOG_COMPILER_APPICON_NAME = AppIcon;
				ASSETCATALOG_COMPILER_LAUNCHIMAGE_NAME = LaunchImage;
				CODE_SIGN_STYLE = Automatic;
				DEVELOPMENT_TEAM = 4QG3GC35LA;
				INFOPLIST_FILE = PillingTime/Info.plist;
				IPHONEOS_DEPLOYMENT_TARGET = 9.0;
				LD_RUNPATH_SEARCH_PATHS = "$(inherited) @executable_path/Frameworks";
				PRODUCT_BUNDLE_IDENTIFIER = com.codershigh.PillingTime;
				PRODUCT_NAME = "$(TARGET_NAME)";
				SWIFT_VERSION = 4.0;
				TARGETED_DEVICE_FAMILY = 1;
			};
			name = Release;
		};
/* End XCBuildConfiguration section */

/* Begin XCConfigurationList section */
		F41D4721200F53460000E758 /* Build configuration list for PBXProject "PillingTime" */ = {
			isa = XCConfigurationList;
			buildConfigurations = (
				F41D4736200F53460000E758 /* Debug */,
				F41D4737200F53460000E758 /* Release */,
			);
			defaultConfigurationIsVisible = 0;
			defaultConfigurationName = Release;
		};
		F41D4738200F53460000E758 /* Build configuration list for PBXNativeTarget "PillingTime" */ = {
			isa = XCConfigurationList;
			buildConfigurations = (
				F41D4739200F53460000E758 /* Debug */,
				F41D473A200F53460000E758 /* Release */,
			);
			defaultConfigurationIsVisible = 0;
			defaultConfigurationName = Release;
		};
/* End XCConfigurationList section */
	};
	rootObject = F41D471E200F53460000E758 /* Project object */;
}
